
Microsoft Visual Studio Solution File, Format Version 12.00
# Visual Studio 15
VisualStudioVersion = 15.0.26730.8
MinimumVisualStudioVersion = 10.0.40219.1
Project("{9A19103F-16F7-4668-BE54-9A1E7A4F7556}") = "CohesityApi", "CohesityApi\CohesityApi.csproj", "{2A713A56-5446-423B-832C-57345C4B67B9}"
EndProject
Project("{FAE04EC0-301F-11D3-BF4B-00C04F79EFBC}") = "ClassLibrary1", "..\ClassLibrary1\ClassLibrary1.csproj", "{E239537B-9E0B-4F6D-A10D-C7AD3B2FF439}"
EndProject
Global
	GlobalSection(SolutionConfigurationPlatforms) = preSolution
		Debug|Any CPU = Debug|Any CPU
		Release|Any CPU = Release|Any CPU
	EndGlobalSection
	GlobalSection(ProjectConfigurationPlatforms) = postSolution
		{2A713A56-5446-423B-832C-57345C4B67B9}.Debug|Any CPU.ActiveCfg = Debug|Any CPU
		{2A713A56-5446-423B-832C-57345C4B67B9}.Debug|Any CPU.Build.0 = Debug|Any CPU
		{2A713A56-5446-423B-832C-57345C4B67B9}.Release|Any CPU.ActiveCfg = Release|Any CPU
		{2A713A56-5446-423B-832C-57345C4B67B9}.Release|Any CPU.Build.0 = Release|Any CPU
		{E239537B-9E0B-4F6D-A10D-C7AD3B2FF439}.Debug|Any CPU.ActiveCfg = Debug|Any CPU
		{E239537B-9E0B-4F6D-A10D-C7AD3B2FF439}.Debug|Any CPU.Build.0 = Debug|Any CPU
		{E239537B-9E0B-4F6D-A10D-C7AD3B2FF439}.Release|Any CPU.ActiveCfg = Release|Any CPU
		{E239537B-9E0B-4F6D-A10D-C7AD3B2FF439}.Release|Any CPU.Build.0 = Release|Any CPU
	EndGlobalSection
	GlobalSection(SolutionProperties) = preSolution
		HideSolutionNode = FALSE
	EndGlobalSection
	GlobalSection(ExtensibilityGlobals) = postSolution
		SolutionGuid = {17FECFB5-AC0E-4F3C-83D5-2FAA399E837B}
	EndGlobalSection
EndGlobal
